github.com/gxed/hashland/keccakpg v0.0.1 h1:wrk3uMNaMxbXiHibbPO4S0ymqJMm41WiudyFSs7UnsU=
github.com/gxed/hashland/keccakpg v0.0.1/go.mod h1:kRzw3HkwxFU1mpmPP8v1WyQzwdGfmKFJ6tItnhQ67kU=
github.com/gxed/hashland/murmur3 v0.0.1 h1:SheiaIt0sda5K+8FLz952/1iWS9zrnKsEJaOJu4ZbSc=
github.com/gxed/hashland/murmur3 v0.0.1/go.mod h1:KjXop02n4/ckmZSnY2+HKcLud/tcmvhST0bie/0lS48=
github.com/ipfs/go-block-format v0.0.2 h1:qPDvcP19izTjU8rgo6p7gTXZlkMkF5bz5G3fqIsSCPE=
github.com/ipfs/go-block-format v0.0.2/go.mod h1:AWR46JfpcObNfg3ok2JHDUfdiHRgWhJgCQF+KIgOPJY=
github.com/ipfs/go-cid v0.0.1/go.mod h1:GHWU/WuQdMPmIosc4Yn1bcCT7dSeX4lBafM7iqUPQvM=
github.com/ipfs/go-cid v0.0.2 h1:tuuKaZPU1M6HcejsO3AcYWW8sZ8MTvyxfc4uqB4eFE8=
github.com/ipfs/go-cid v0.0.2/go.mod h1:GH